<Solution>
    <Configurations>
        <Platform Name="Any CPU"/>
        <Platform Name="x64"/>
        <Platform Name="x86"/>
    </Configurations>
    <Project Path="CasualtiesMiner.Shared/CasualtiesMiner.Shared.csproj"/>
    <Project Path="CasualtiesMiner.Dumper/CasualtiesMiner.Dumper.csproj"/>
    <Project Path="CasualtiesMiner.Dumper.Cli/CasualtiesMiner.Dumper.Cli.csproj"/>
</Solution>